
Microsoft Visual Studio Solution File, Format Version 12.00
# Visual Studio Version 17
VisualStudioVersion = 17.0.31612.314
MinimumVisualStudioVersion = 10.0.40219.1
Project("{FAE04EC0-301F-11D3-BF4B-00C04F79EFBC}") = "UDP Test", "UDP Test\UDP Test.csproj", "{87A595A4-53DE-46C3-A82C-E5AA10BE708B}"
EndProject
Global
	GlobalSection(SolutionConfigurationPlatforms) = preSolution
		Debug|Any CPU = Debug|Any CPU
		Release|Any CPU = Release|Any CPU
	EndGlobalSection
	GlobalSection(ProjectConfigurationPlatforms) = postSolution
		{87A595A4-53DE-46C3-A82C-E5AA10BE708B}.Debug|Any CPU.ActiveCfg = Debug|Any CPU
		{87A595A4-53DE-46C3-A82C-E5AA10BE708B}.Debug|Any CPU.Build.0 = Debug|Any CPU
		{87A595A4-53DE-46C3-A82C-E5AA10BE708B}.Release|Any CPU.ActiveCfg = Release|Any CPU
		{87A595A4-53DE-46C3-A82C-E5AA10BE708B}.Release|Any CPU.Build.0 = Release|Any CPU
	EndGlobalSection
	GlobalSection(SolutionProperties) = preSolution
		HideSolutionNode = FALSE
	EndGlobalSection
	GlobalSection(ExtensibilityGlobals) = postSolution
		SolutionGuid = {670C4468-8EDB-438F-8255-6BE0B587194B}
	EndGlobalSection
EndGlobal
